# THIS IS AN AUTOGENERATED FILE. DO NOT EDIT THIS FILE DIRECTLY.
# yarn lockfile v1


"@types/k6@^0.50.0":
  version "0.50.0"
  resolved "https://registry.yarnpkg.com/@types/k6/-/k6-0.50.0.tgz#ce643418a2e4c06fd56c014c7cc462d41570fa09"
  integrity sha512-+KpsLr549oFSpr80Zk9lf9wsEgESYTYzGeBIlS6NnH4PBiqJuRk+xv3KSFfDOCD0ZHbhUsXMV7mEVhWLOzfzmw==
